
Microsoft Visual Studio Solution File, Format Version 11.00
# Visual Studio 2010
Project("{FAE04EC0-301F-11D3-BF4B-00C04F79EFBC}") = "Assembly-CSharp", "Assembly-CSharp.csproj", "{B189D089-84B0-8F81-0535-A84338688C23}"
EndProject
Project("{FAE04EC0-301F-11D3-BF4B-00C04F79EFBC}") = "Assembly-CSharp-Editor", "Assembly-CSharp-Editor.csproj", "{9C2D3299-2E0F-CFD5-243E-471AE7641526}"
EndProject
Global
	GlobalSection(SolutionConfigurationPlatforms) = preSolution
		Debug|Any CPU = Debug|Any CPU
		Release|Any CPU = Release|Any CPU
	EndGlobalSection
	GlobalSection(ProjectConfigurationPlatforms) = postSolution
		{B189D089-84B0-8F81-0535-A84338688C23}.Debug|Any CPU.ActiveCfg = Debug|Any CPU
		{B189D089-84B0-8F81-0535-A84338688C23}.Debug|Any CPU.Build.0 = Debug|Any CPU
		{B189D089-84B0-8F81-0535-A84338688C23}.Release|Any CPU.ActiveCfg = Release|Any CPU
		{B189D089-84B0-8F81-0535-A84338688C23}.Release|Any CPU.Build.0 = Release|Any CPU
		{9C2D3299-2E0F-CFD5-243E-471AE7641526}.Debug|Any CPU.ActiveCfg = Debug|Any CPU
		{9C2D3299-2E0F-CFD5-243E-471AE7641526}.Debug|Any CPU.Build.0 = Debug|Any CPU
		{9C2D3299-2E0F-CFD5-243E-471AE7641526}.Release|Any CPU.ActiveCfg = Release|Any CPU
		{9C2D3299-2E0F-CFD5-243E-471AE7641526}.Release|Any CPU.Build.0 = Release|Any CPU
	EndGlobalSection
	GlobalSection(SolutionProperties) = preSolution
		HideSolutionNode = FALSE
	EndGlobalSection
EndGlobal
